
Microsoft Visual Studio Solution File, Format Version 12.00
# Visual Studio Version 17
VisualStudioVersion = 17.7.34003.232
MinimumVisualStudioVersion = 10.0.40219.1
Project("{8BC9CEB8-8B4A-11D0-8D11-00A0C91BC942}") = "gdi-test", "gdi-test\gdi-test.vcxproj", "{EEFEA6C6-9AD0-41C0-9DCE-0C9AB422EC65}"
EndProject
Project("{8BC9CEB8-8B4A-11D0-8D11-00A0C91BC942}") = "direct2d-test", "direct2d-test\direct2d-test.vcxproj", "{F513F52F-B541-4D58-A652-CAA31EF411C0}"
EndProject
Project("{8BC9CEB8-8B4A-11D0-8D11-00A0C91BC942}") = "uwp-test", "uwp-test\uwp-test.vcxproj", "{0795E0F1-47B8-4881-B10C-F3943633AB36}"
EndProject
Project("{8BC9CEB8-8B4A-11D0-8D11-00A0C91BC942}") = "winui3-test", "winui3-test\winui3-test.vcxproj", "{8F9F2CE6-EC7B-41D7-9CE2-FF94CDAD071C}"
EndProject
Project("{8BC9CEB8-8B4A-11D0-8D11-00A0C91BC942}") = "sdl2-test", "sdl2-test\sdl2-test.vcxproj", "{7432E565-B512-485C-BDA5-E21CE560767C}"
EndProject
Global
	GlobalSection(SolutionConfigurationPlatforms) = preSolution
		Debug|ARM = Debug|ARM
		Debug|ARM64 = Debug|ARM64
		Debug|x64 = Debug|x64
		Debug|x86 = Debug|x86
		Release|ARM = Release|ARM
		Release|ARM64 = Release|ARM64
		Release|x64 = Release|x64
		Release|x86 = Release|x86
	EndGlobalSection
	GlobalSection(ProjectConfigurationPlatforms) = postSolution
		{EEFEA6C6-9AD0-41C0-9DCE-0C9AB422EC65}.Debug|ARM.ActiveCfg = Debug|x64
		{EEFEA6C6-9AD0-41C0-9DCE-0C9AB422EC65}.Debug|ARM.Build.0 = Debug|x64
		{EEFEA6C6-9AD0-41C0-9DCE-0C9AB422EC65}.Debug|ARM64.ActiveCfg = Debug|x64
		{EEFEA6C6-9AD0-41C0-9DCE-0C9AB422EC65}.Debug|ARM64.Build.0 = Debug|x64
		{EEFEA6C6-9AD0-41C0-9DCE-0C9AB422EC65}.Debug|x64.ActiveCfg = Debug|x64
		{EEFEA6C6-9AD0-41C0-9DCE-0C9AB422EC65}.Debug|x64.Build.0 = Debug|x64
		{EEFEA6C6-9AD0-41C0-9DCE-0C9AB422EC65}.Debug|x86.ActiveCfg = Debug|Win32
		{EEFEA6C6-9AD0-41C0-9DCE-0C9AB422EC65}.Debug|x86.Build.0 = Debug|Win32
		{EEFEA6C6-9AD0-41C0-9DCE-0C9AB422EC65}.Release|ARM.ActiveCfg = Release|x64
		{EEFEA6C6-9AD0-41C0-9DCE-0C9AB422EC65}.Release|ARM.Build.0 = Release|x64
		{EEFEA6C6-9AD0-41C0-9DCE-0C9AB422EC65}.Release|ARM64.ActiveCfg = Release|x64
		{EEFEA6C6-9AD0-41C0-9DCE-0C9AB422EC65}.Release|ARM64.Build.0 = Release|x64
		{EEFEA6C6-9AD0-41C0-9DCE-0C9AB422EC65}.Release|x64.ActiveCfg = Release|x64
		{EEFEA6C6-9AD0-41C0-9DCE-0C9AB422EC65}.Release|x64.Build.0 = Release|x64
		{EEFEA6C6-9AD0-41C0-9DCE-0C9AB422EC65}.Release|x86.ActiveCfg = Release|Win32
		{EEFEA6C6-9AD0-41C0-9DCE-0C9AB422EC65}.Release|x86.Build.0 = Release|Win32
		{F513F52F-B541-4D58-A652-CAA31EF411C0}.Debug|ARM.ActiveCfg = Debug|x64
		{F513F52F-B541-4D58-A652-CAA31EF411C0}.Debug|ARM.Build.0 = Debug|x64
		{F513F52F-B541-4D58-A652-CAA31EF411C0}.Debug|ARM64.ActiveCfg = Debug|x64
		{F513F52F-B541-4D58-A652-CAA31EF411C0}.Debug|ARM64.Build.0 = Debug|x64
		{F513F52F-B541-4D58-A652-CAA31EF411C0}.Debug|x64.ActiveCfg = Debug|x64
		{F513F52F-B541-4D58-A652-CAA31EF411C0}.Debug|x64.Build.0 = Debug|x64
		{F513F52F-B541-4D58-A652-CAA31EF411C0}.Debug|x86.ActiveCfg = Debug|Win32
		{F513F52F-B541-4D58-A652-CAA31EF411C0}.Debug|x86.Build.0 = Debug|Win32
		{F513F52F-B541-4D58-A652-CAA31EF411C0}.Release|ARM.ActiveCfg = Release|x64
		{F513F52F-B541-4D58-A652-CAA31EF411C0}.Release|ARM.Build.0 = Release|x64
		{F513F52F-B541-4D58-A652-CAA31EF411C0}.Release|ARM64.ActiveCfg = Release|x64
		{F513F52F-B541-4D58-A652-CAA31EF411C0}.Release|ARM64.Build.0 = Release|x64
		{F513F52F-B541-4D58-A652-CAA31EF411C0}.Release|x64.ActiveCfg = Release|x64
		{F513F52F-B541-4D58-A652-CAA31EF411C0}.Release|x64.Build.0 = Release|x64
		{F513F52F-B541-4D58-A652-CAA31EF411C0}.Release|x86.ActiveCfg = Release|Win32
		{F513F52F-B541-4D58-A652-CAA31EF411C0}.Release|x86.Build.0 = Release|Win32
		{0795E0F1-47B8-4881-B10C-F3943633AB36}.Debug|ARM.ActiveCfg = Debug|ARM
		{0795E0F1-47B8-4881-B10C-F3943633AB36}.Debug|ARM.Build.0 = Debug|ARM
		{0795E0F1-47B8-4881-B10C-F3943633AB36}.Debug|ARM.Deploy.0 = Debug|ARM
		{0795E0F1-47B8-4881-B10C-F3943633AB36}.Debug|ARM64.ActiveCfg = Debug|ARM64
		{0795E0F1-47B8-4881-B10C-F3943633AB36}.Debug|ARM64.Build.0 = Debug|ARM64
		{0795E0F1-47B8-4881-B10C-F3943633AB36}.Debug|ARM64.Deploy.0 = Debug|ARM64
		{0795E0F1-47B8-4881-B10C-F3943633AB36}.Debug|x64.ActiveCfg = Debug|x64
		{0795E0F1-47B8-4881-B10C-F3943633AB36}.Debug|x64.Build.0 = Debug|x64
		{0795E0F1-47B8-4881-B10C-F3943633AB36}.Debug|x64.Deploy.0 = Debug|x64
		{0795E0F1-47B8-4881-B10C-F3943633AB36}.Debug|x86.ActiveCfg = Debug|Win32
		{0795E0F1-47B8-4881-B10C-F3943633AB36}.Debug|x86.Build.0 = Debug|Win32
		{0795E0F1-47B8-4881-B10C-F3943633AB36}.Debug|x86.Deploy.0 = Debug|Win32
		{0795E0F1-47B8-4881-B10C-F3943633AB36}.Release|ARM.ActiveCfg = Release|ARM
		{0795E0F1-47B8-4881-B10C-F3943633AB36}.Release|ARM.Build.0 = Release|ARM
		{0795E0F1-47B8-4881-B10C-F3943633AB36}.Release|ARM.Deploy.0 = Release|ARM
		{0795E0F1-47B8-4881-B10C-F3943633AB36}.Release|ARM64.ActiveCfg = Release|ARM64
		{0795E0F1-47B8-4881-B10C-F3943633AB36}.Release|ARM64.Build.0 = Release|ARM64
		{0795E0F1-47B8-4881-B10C-F3943633AB36}.Release|ARM64.Deploy.0 = Release|ARM64
		{0795E0F1-47B8-4881-B10C-F3943633AB36}.Release|x64.ActiveCfg = Release|x64
		{0795E0F1-47B8-4881-B10C-F3943633AB36}.Release|x64.Build.0 = Release|x64
		{0795E0F1-47B8-4881-B10C-F3943633AB36}.Release|x64.Deploy.0 = Release|x64
		{0795E0F1-47B8-4881-B10C-F3943633AB36}.Release|x86.ActiveCfg = Release|Win32
		{0795E0F1-47B8-4881-B10C-F3943633AB36}.Release|x86.Build.0 = Release|Win32
		{0795E0F1-47B8-4881-B10C-F3943633AB36}.Release|x86.Deploy.0 = Release|Win32
		{8F9F2CE6-EC7B-41D7-9CE2-FF94CDAD071C}.Debug|ARM.ActiveCfg = Debug|x64
		{8F9F2CE6-EC7B-41D7-9CE2-FF94CDAD071C}.Debug|ARM.Build.0 = Debug|x64
		{8F9F2CE6-EC7B-41D7-9CE2-FF94CDAD071C}.Debug|ARM.Deploy.0 = Debug|x64
		{8F9F2CE6-EC7B-41D7-9CE2-FF94CDAD071C}.Debug|ARM64.ActiveCfg = Debug|ARM64
		{8F9F2CE6-EC7B-41D7-9CE2-FF94CDAD071C}.Debug|ARM64.Build.0 = Debug|ARM64
		{8F9F2CE6-EC7B-41D7-9CE2-FF94CDAD071C}.Debug|ARM64.Deploy.0 = Debug|ARM64
		{8F9F2CE6-EC7B-41D7-9CE2-FF94CDAD071C}.Debug|x64.ActiveCfg = Debug|x64
		{8F9F2CE6-EC7B-41D7-9CE2-FF94CDAD071C}.Debug|x64.Build.0 = Debug|x64
		{8F9F2CE6-EC7B-41D7-9CE2-FF94CDAD071C}.Debug|x64.Deploy.0 = Debug|x64
		{8F9F2CE6-EC7B-41D7-9CE2-FF94CDAD071C}.Debug|x86.ActiveCfg = Debug|Win32
		{8F9F2CE6-EC7B-41D7-9CE2-FF94CDAD071C}.Debug|x86.Build.0 = Debug|Win32
		{8F9F2CE6-EC7B-41D7-9CE2-FF94CDAD071C}.Debug|x86.Deploy.0 = Debug|Win32
		{8F9F2CE6-EC7B-41D7-9CE2-FF94CDAD071C}.Release|ARM.ActiveCfg = Release|x64
		{8F9F2CE6-EC7B-41D7-9CE2-FF94CDAD071C}.Release|ARM.Build.0 = Release|x64
		{8F9F2CE6-EC7B-41D7-9CE2-FF94CDAD071C}.Release|ARM.Deploy.0 = Release|x64
		{8F9F2CE6-EC7B-41D7-9CE2-FF94CDAD071C}.Release|ARM64.ActiveCfg = Release|ARM64
		{8F9F2CE6-EC7B-41D7-9CE2-FF94CDAD071C}.Release|ARM64.Build.0 = Release|ARM64
		{8F9F2CE6-EC7B-41D7-9CE2-FF94CDAD071C}.Release|ARM64.Deploy.0 = Release|ARM64
		{8F9F2CE6-EC7B-41D7-9CE2-FF94CDAD071C}.Release|x64.ActiveCfg = Release|x64
		{8F9F2CE6-EC7B-41D7-9CE2-FF94CDAD071C}.Release|x64.Build.0 = Release|x64
		{8F9F2CE6-EC7B-41D7-9CE2-FF94CDAD071C}.Release|x64.Deploy.0 = Release|x64
		{8F9F2CE6-EC7B-41D7-9CE2-FF94CDAD071C}.Release|x86.ActiveCfg = Release|Win32
		{8F9F2CE6-EC7B-41D7-9CE2-FF94CDAD071C}.Release|x86.Build.0 = Release|Win32
		{8F9F2CE6-EC7B-41D7-9CE2-FF94CDAD071C}.Release|x86.Deploy.0 = Release|Win32
		{7432E565-B512-485C-BDA5-E21CE560767C}.Debug|ARM.ActiveCfg = Debug|x64
		{7432E565-B512-485C-BDA5-E21CE560767C}.Debug|ARM.Build.0 = Debug|x64
		{7432E565-B512-485C-BDA5-E21CE560767C}.Debug|ARM64.ActiveCfg = Debug|x64
		{7432E565-B512-485C-BDA5-E21CE560767C}.Debug|ARM64.Build.0 = Debug|x64
		{7432E565-B512-485C-BDA5-E21CE560767C}.Debug|x64.ActiveCfg = Debug|x64
		{7432E565-B512-485C-BDA5-E21CE560767C}.Debug|x64.Build.0 = Debug|x64
		{7432E565-B512-485C-BDA5-E21CE560767C}.Debug|x86.ActiveCfg = Debug|Win32
		{7432E565-B512-485C-BDA5-E21CE560767C}.Debug|x86.Build.0 = Debug|Win32
		{7432E565-B512-485C-BDA5-E21CE560767C}.Release|ARM.ActiveCfg = Release|x64
		{7432E565-B512-485C-BDA5-E21CE560767C}.Release|ARM.Build.0 = Release|x64
		{7432E565-B512-485C-BDA5-E21CE560767C}.Release|ARM64.ActiveCfg = Release|x64
		{7432E565-B512-485C-BDA5-E21CE560767C}.Release|ARM64.Build.0 = Release|x64
		{7432E565-B512-485C-BDA5-E21CE560767C}.Release|x64.ActiveCfg = Release|x64
		{7432E565-B512-485C-BDA5-E21CE560767C}.Release|x64.Build.0 = Release|x64
		{7432E565-B512-485C-BDA5-E21CE560767C}.Release|x86.ActiveCfg = Release|Win32
		{7432E565-B512-485C-BDA5-E21CE560767C}.Release|x86.Build.0 = Release|Win32
	EndGlobalSection
	GlobalSection(SolutionProperties) = preSolution
		HideSolutionNode = FALSE
	EndGlobalSection
	GlobalSection(ExtensibilityGlobals) = postSolution
		SolutionGuid = {2D3CF1E7-AC87-4E3B-9BDF-03B66E8BA41B}
	EndGlobalSection
EndGlobal
